
Microsoft Visual Studio Solution File, Format Version 12.00
# Visual Studio Version 17
VisualStudioVersion = 17.3.32922.545
MinimumVisualStudioVersion = 10.0.40219.1
Project("{FAE04EC0-301F-11D3-BF4B-00C04F79EFBC}") = "SwiggyApi", "SwiggyApi\SwiggyApi.csproj", "{DA45D4BA-B842-4A4C-926F-F1EF3FF188CA}"
EndProject
Global
	GlobalSection(SolutionConfigurationPlatforms) = preSolution
		Debug|Any CPU = Debug|Any CPU
		Release|Any CPU = Release|Any CPU
	EndGlobalSection
	GlobalSection(ProjectConfigurationPlatforms) = postSolution
		{DA45D4BA-B842-4A4C-926F-F1EF3FF188CA}.Debug|Any CPU.ActiveCfg = Debug|Any CPU
		{DA45D4BA-B842-4A4C-926F-F1EF3FF188CA}.Debug|Any CPU.Build.0 = Debug|Any CPU
		{DA45D4BA-B842-4A4C-926F-F1EF3FF188CA}.Release|Any CPU.ActiveCfg = Release|Any CPU
		{DA45D4BA-B842-4A4C-926F-F1EF3FF188CA}.Release|Any CPU.Build.0 = Release|Any CPU
	EndGlobalSection
	GlobalSection(SolutionProperties) = preSolution
		HideSolutionNode = FALSE
	EndGlobalSection
	GlobalSection(ExtensibilityGlobals) = postSolution
		SolutionGuid = {6FDE3A4F-7D5B-4615-99F3-B43AFB4B4E04}
	EndGlobalSection
EndGlobal
